
Microsoft Visual Studio Solution File, Format Version 12.00
# Visual Studio Version 17
VisualStudioVersion = 17.9.34622.214
MinimumVisualStudioVersion = 10.0.40219.1
Project("{FAE04EC0-301F-11D3-BF4B-00C04F79EFBC}") = "FitnessTracker", "FitnessTracker\FitnessTracker.csproj", "{C5666D2D-B665-4614-B8A6-F960A0A630EF}"
EndProject
Global
	GlobalSection(SolutionConfigurationPlatforms) = preSolution
		Debug|Any CPU = Debug|Any CPU
		Release|Any CPU = Release|Any CPU
	EndGlobalSection
	GlobalSection(ProjectConfigurationPlatforms) = postSolution
		{C5666D2D-B665-4614-B8A6-F960A0A630EF}.Debug|Any CPU.ActiveCfg = Debug|Any CPU
		{C5666D2D-B665-4614-B8A6-F960A0A630EF}.Debug|Any CPU.Build.0 = Debug|Any CPU
		{C5666D2D-B665-4614-B8A6-F960A0A630EF}.Release|Any CPU.ActiveCfg = Release|Any CPU
		{C5666D2D-B665-4614-B8A6-F960A0A630EF}.Release|Any CPU.Build.0 = Release|Any CPU
	EndGlobalSection
	GlobalSection(SolutionProperties) = preSolution
		HideSolutionNode = FALSE
	EndGlobalSection
	GlobalSection(ExtensibilityGlobals) = postSolution
		SolutionGuid = {493923AD-79D9-4107-A0E2-A0527BFA8259}
	EndGlobalSection
EndGlobal
